{
  "originHash" : "3012ddb5e147b17820aaae873df06110ed56955af1a6ebcd4627ce1af0d26d01",
  "pins" : [
    {
      "identity" : "sapient-swift",
      "kind" : "remoteSourceControl",
      "location" : "https://github.com/openhorizon-labs/sapient-swift",
      "state" : {
        "revision" : "022dccfe041dd43e6c480af6cb488ac1db0b4db1",
        "version" : "0.6.2"
      }
    }
  ],
  "version" : 3
}
